
Microsoft Visual Studio Solution File, Format Version 12.00
# Visual Studio Version 16
VisualStudioVersion = 16.0.31402.337
MinimumVisualStudioVersion = 10.0.40219.1
Project("{FAE04EC0-301F-11D3-BF4B-00C04F79EFBC}") = "ConsoleApp4", "ConsoleApp4.csproj", "{6EE55D10-B0EF-4E20-A68C-83DC53EEC44A}"
EndProject
Global
	GlobalSection(SolutionConfigurationPlatforms) = preSolution
		Debug|Any CPU = Debug|Any CPU
		Release|Any CPU = Release|Any CPU
	EndGlobalSection
	GlobalSection(ProjectConfigurationPlatforms) = postSolution
		{6EE55D10-B0EF-4E20-A68C-83DC53EEC44A}.Debug|Any CPU.ActiveCfg = Debug|Any CPU
		{6EE55D10-B0EF-4E20-A68C-83DC53EEC44A}.Debug|Any CPU.Build.0 = Debug|Any CPU
		{6EE55D10-B0EF-4E20-A68C-83DC53EEC44A}.Release|Any CPU.ActiveCfg = Release|Any CPU
		{6EE55D10-B0EF-4E20-A68C-83DC53EEC44A}.Release|Any CPU.Build.0 = Release|Any CPU
	EndGlobalSection
	GlobalSection(SolutionProperties) = preSolution
		HideSolutionNode = FALSE
	EndGlobalSection
	GlobalSection(ExtensibilityGlobals) = postSolution
		SolutionGuid = {A86F8169-F82D-4ACE-8CF2-EE4943B2B585}
	EndGlobalSection
EndGlobal
